
Microsoft Visual Studio Solution File, Format Version 12.00
# Visual Studio 15
VisualStudioVersion = 15.0.33026.149
MinimumVisualStudioVersion = 10.0.40219.1
Project("{8BC9CEB8-8B4A-11D0-8D11-00A0C91BC942}") = "DecompressionGPU", "DecompressionGPU_vs2017.vcxproj", "{E75C6F44-DA0B-435F-A000-56DEFB24146D}"
	ProjectSection(ProjectDependencies) = postProject
		{70DD5BB4-75AA-40A8-A261-431C7E876974} = {70DD5BB4-75AA-40A8-A261-431C7E876974}
	EndProjectSection
EndProject
Project("{2150E333-8FDC-42A3-9474-1A3956D46DE8}") = "Examples", "Examples", "{3D84B373-4ABA-49BD-B7E5-8D65443E4AFD}"
EndProject
Project("{2150E333-8FDC-42A3-9474-1A3956D46DE8}") = "C++", "C++", "{A6E77E84-D7F5-4EFA-8FC8-7690A50E5CC4}"
EndProject
Global
	GlobalSection(SolutionConfigurationPlatforms) = preSolution
		Debug|x64 = Debug|x64
		Debug|x86 = Debug|x86
		Release|x64 = Release|x64
		Release|x86 = Release|x86
	EndGlobalSection
	GlobalSection(ProjectConfigurationPlatforms) = postSolution
		{E75C6F44-DA0B-435F-A000-56DEFB24146D}.Debug|x64.ActiveCfg = Debug|x64
		{E75C6F44-DA0B-435F-A000-56DEFB24146D}.Debug|x64.Build.0 = Debug|x64
		{E75C6F44-DA0B-435F-A000-56DEFB24146D}.Debug|x86.ActiveCfg = Debug|Win32
		{E75C6F44-DA0B-435F-A000-56DEFB24146D}.Debug|x86.Build.0 = Debug|Win32
		{E75C6F44-DA0B-435F-A000-56DEFB24146D}.Release|x64.ActiveCfg = Release|x64
		{E75C6F44-DA0B-435F-A000-56DEFB24146D}.Release|x64.Build.0 = Release|x64
		{E75C6F44-DA0B-435F-A000-56DEFB24146D}.Release|x86.ActiveCfg = Release|Win32
		{E75C6F44-DA0B-435F-A000-56DEFB24146D}.Release|x86.Build.0 = Release|Win32
		{70DD5BB4-75AA-40A8-A261-431C7E876974}.Debug|x64.ActiveCfg = Debug|x64
		{70DD5BB4-75AA-40A8-A261-431C7E876974}.Debug|x64.Build.0 = Debug|x64
		{70DD5BB4-75AA-40A8-A261-431C7E876974}.Debug|x86.ActiveCfg = Debug|Win32
		{70DD5BB4-75AA-40A8-A261-431C7E876974}.Debug|x86.Build.0 = Debug|Win32
		{70DD5BB4-75AA-40A8-A261-431C7E876974}.Release|x64.ActiveCfg = Release|x64
		{70DD5BB4-75AA-40A8-A261-431C7E876974}.Release|x64.Build.0 = Release|x64
		{70DD5BB4-75AA-40A8-A261-431C7E876974}.Release|x86.ActiveCfg = Release|Win32
		{70DD5BB4-75AA-40A8-A261-431C7E876974}.Release|x86.Build.0 = Release|Win32
	EndGlobalSection
	GlobalSection(SolutionProperties) = preSolution
		HideSolutionNode = FALSE
	EndGlobalSection
	GlobalSection(NestedProjects) = preSolution
		{E75C6F44-DA0B-435F-A000-56DEFB24146D} = {A6E77E84-D7F5-4EFA-8FC8-7690A50E5CC4}
		{70DD5BB4-75AA-40A8-A261-431C7E876974} = {452F30BA-8B6A-438E-8DB8-ADC5A34F6BD0}
		{A6E77E84-D7F5-4EFA-8FC8-7690A50E5CC4} = {3D84B373-4ABA-49BD-B7E5-8D65443E4AFD}
	EndGlobalSection
	GlobalSection(ExtensibilityGlobals) = postSolution
		SolutionGuid = {FD3B0B36-92D0-4334-98F3-790AC976B158}
	EndGlobalSection
EndGlobal
