
Microsoft Visual Studio Solution File, Format Version 12.00
# Visual Studio Version 16
VisualStudioVersion = 16.0.33214.272
MinimumVisualStudioVersion = 10.0.40219.1
Project("{2150E333-8FDC-42A3-9474-1A3956D46DE8}") = "C++ Examples", "C++ Examples", "{E8542280-778A-4714-8BA0-E600A5FD19E1}"
EndProject
Project("{2150E333-8FDC-42A3-9474-1A3956D46DE8}") = "Examples - QuickSpin", "Examples - QuickSpin", "{9004E0DE-D928-4CD1-B114-D9BB2B267956}"
EndProject
Project("{2150E333-8FDC-42A3-9474-1A3956D46DE8}") = "C++", "C++", "{6BC0404A-D751-401B-8863-0D1882458101}"
EndProject
Project("{8BC9CEB8-8B4A-11D0-8D11-00A0C91BC942}") = "Acquisition", "Acquisition\Acquisition_vs2019.vcxproj", "{2EBB9F63-9A70-1859-2365-12308F190F5D}"
EndProject
Project("{8BC9CEB8-8B4A-11D0-8D11-00A0C91BC942}") = "AcquisitionMultipleCameraRecovery", "AcquisitionMultipleCameraRecovery\AcquisitionMultipleCameraRecovery_vs2019.vcxproj", "{8312F8CB-EFD4-2B56-3885-BAE2A4860434}"
EndProject
Project("{8BC9CEB8-8B4A-11D0-8D11-00A0C91BC942}") = "AcquisitionMultipleCamerasWriteToFile", "AcquisitionMultipleCamerasWriteToFile\AcquisitionMultipleCamerasWriteToFile_vs2019.vcxproj", "{B80A7C0A-DACE-4835-88C1-F5703B9608E7}"
EndProject
Project("{8BC9CEB8-8B4A-11D0-8D11-00A0C91BC942}") = "AcquisitionUserBuffer", "AcquisitionUserBuffer\AcquisitionUserBuffer_vs2019.vcxproj", "{E7C1D17B-F4A8-4FFA-89A3-E3517496978A}"
EndProject
Project("{8BC9CEB8-8B4A-11D0-8D11-00A0C91BC942}") = "AcquisitionMultipleThread", "AcquisitionMultipleThread\AcquisitionMultipleThread_vs2019.vcxproj", "{722C21F4-DEEE-547E-279F-E30A93A02D5C}"
EndProject
Project("{8BC9CEB8-8B4A-11D0-8D11-00A0C91BC942}") = "BufferHandling", "BufferHandling\BufferHandling_vs2019.vcxproj", "{958FEC15-0F27-4E04-8BA1-977CFF6407EC}"
EndProject
Project("{8BC9CEB8-8B4A-11D0-8D11-00A0C91BC942}") = "ChunkData", "ChunkData\ChunkData_vs2019.vcxproj", "{580619A0-C470-CD16-0DAF-7EBC7958AB6B}"
EndProject
Project("{8BC9CEB8-8B4A-11D0-8D11-00A0C91BC942}") = "Compression", "Compression\Compression_vs2019.vcxproj", "{47A7D202-D268-4219-A3BD-97F067045A27}"
EndProject
Project("{8BC9CEB8-8B4A-11D0-8D11-00A0C91BC942}") = "CounterAndTimer", "CounterAndTimer\CounterAndTimer_vs2019.vcxproj", "{D55E006C-F3FB-4832-A657-8255FB1260FD}"
EndProject
Project("{8BC9CEB8-8B4A-11D0-8D11-00A0C91BC942}") = "DeviceEvents", "DeviceEvents\DeviceEvents_vs2019.vcxproj", "{2A237800-1686-07A5-BF0B-405BAB4DD327}"
EndProject
Project("{8BC9CEB8-8B4A-11D0-8D11-00A0C91BC942}") = "Enumeration", "Enumeration\Enumeration_vs2019.vcxproj", "{EC099BDE-58BF-13D4-E1B3-0DAB4D680AD8}"
EndProject
Project("{8BC9CEB8-8B4A-11D0-8D11-00A0C91BC942}") = "EnumerationEvents", "EnumerationEvents\EnumerationEvents_vs2019.vcxproj", "{614F3293-CD65-3029-16DD-BB4A823201B1}"
EndProject
Project("{8BC9CEB8-8B4A-11D0-8D11-00A0C91BC942}") = "ExceptionHandling", "ExceptionHandling\ExceptionHandling_vs2019.vcxproj", "{7977FE57-E58D-FCED-2E05-880F9A5ACD75}"
EndProject
Project("{8BC9CEB8-8B4A-11D0-8D11-00A0C91BC942}") = "Exposure", "Exposure\Exposure_vs2019.vcxproj", "{E09B194C-CC68-7457-F581-62FFE1ADA9E5}"
EndProject
Project("{8BC9CEB8-8B4A-11D0-8D11-00A0C91BC942}") = "GigEVisionPerformance", "GigEVisionPerformance\GigEVisionPerformance_vs2019.vcxproj", "{4B205313-B78C-0E0E-8080-A66BECAB3076}"
EndProject
Project("{8BC9CEB8-8B4A-11D0-8D11-00A0C91BC942}") = "ImageEvents", "ImageEvents\ImageEvents_vs2019.vcxproj", "{FD363BE5-69EC-B3DA-F2E0-ADB15E95AADE}"
EndProject
Project("{8BC9CEB8-8B4A-11D0-8D11-00A0C91BC942}") = "ImageFormatControl", "ImageFormatControl\ImageFormatControl_vs2019.vcxproj", "{9204ACE6-7EE8-6C3C-E748-678FD34B57BE}"
EndProject
Project("{8BC9CEB8-8B4A-11D0-8D11-00A0C91BC942}") = "Inference", "Inference\Inference_vs2019.vcxproj", "{24363B9E-2DEF-4899-9BD6-89D3569784E1}"
EndProject
Project("{8BC9CEB8-8B4A-11D0-8D11-00A0C91BC942}") = "Logging", "Logging\Logging_vs2019.vcxproj", "{AC6878E8-1848-F783-2160-825A8DBE5DE5}"
EndProject
Project("{8BC9CEB8-8B4A-11D0-8D11-00A0C91BC942}") = "LogicBlock", "LogicBlock\LogicBlock_vs2019.vcxproj", "{A50BF0A4-81E0-4C38-85C1-60C3F5B668B4}"
EndProject
Project("{8BC9CEB8-8B4A-11D0-8D11-00A0C91BC942}") = "LookupTable", "LookupTable\LookupTable_vs2019.vcxproj", "{E7F2C3BE-53A8-3CB4-DC9C-368B485133B8}"
EndProject
Project("{8BC9CEB8-8B4A-11D0-8D11-00A0C91BC942}") = "NodeMapCallback", "NodeMapCallback\NodeMapCallback_vs2019.vcxproj", "{76BD0CFA-E248-7ABE-EB59-FDB25764D6BE}"
EndProject
Project("{8BC9CEB8-8B4A-11D0-8D11-00A0C91BC942}") = "NodeMapInfo", "NodeMapInfo\NodeMapInfo_vs2019.vcxproj", "{D55C7016-4112-E90B-CA06-E3E236BBDF0F}"
EndProject
Project("{8BC9CEB8-8B4A-11D0-8D11-00A0C91BC942}") = "Polarization", "Polarization\Polarization_vs2019.vcxproj", "{4A2198F1-1828-49A9-9E4F-DBC43D9CDB9B}"
EndProject
Project("{8BC9CEB8-8B4A-11D0-8D11-00A0C91BC942}") = "SaveToVideo", "SaveToVideo\SaveToVideo_vs2019.vcxproj", "{37EC85A8-A356-3A1F-EC94-EBC4583E1874}"
EndProject
Project("{8BC9CEB8-8B4A-11D0-8D11-00A0C91BC942}") = "Sequencer", "Sequencer\Sequencer_vs2019.vcxproj", "{B03C30FF-1CA7-E475-65E5-951BD18EC2CA}"
EndProject
Project("{8BC9CEB8-8B4A-11D0-8D11-00A0C91BC942}") = "SerialRxTx", "SerialRxTx\SerialRxTx_vs2019.vcxproj", "{64290094-BCA8-42C0-B398-D3EEC8BD7B8F}"
EndProject
Project("{8BC9CEB8-8B4A-11D0-8D11-00A0C91BC942}") = "SpinSimpleGUI_DirectShow", "SpinSimpleGUI_DirectShow\SpinSimpleGUI_DirectShow_vs2019.vcxproj", "{A96CAF68-9591-FEE8-BEDC-E378AA60FD06}"
EndProject
Project("{8BC9CEB8-8B4A-11D0-8D11-00A0C91BC942}") = "SpinSimpleGUI_MFC", "SpinSimpleGUI_MFC\SpinSimpleGUI_MFC_vs2019.vcxproj", "{437243B5-AF88-414B-F8FF-CC6C645512D3}"
EndProject
Project("{8BC9CEB8-8B4A-11D0-8D11-00A0C91BC942}") = "Trigger", "Trigger\Trigger_vs2019.vcxproj", "{F9EF6D57-65CF-ECF2-6EE7-77C9DA455354}"
EndProject
Project("{8BC9CEB8-8B4A-11D0-8D11-00A0C91BC942}") = "Enumeration_QuickSpin", "Enumeration_QuickSpin\Enumeration_QuickSpin_vs2019.vcxproj", "{8295E426-EE01-A021-B7F5-377F2321C289}"
EndProject
Project("{8BC9CEB8-8B4A-11D0-8D11-00A0C91BC942}") = "Exposure_QuickSpin", "Exposure_QuickSpin\Exposure_QuickSpin_vs2019.vcxproj", "{7628E9A8-620C-AAFE-CB6C-A451B76F9480}"
EndProject
Project("{8BC9CEB8-8B4A-11D0-8D11-00A0C91BC942}") = "FileAccess_QuickSpin", "FileAccess_QuickSpin\FileAccess_QuickSpin_vs2019.vcxproj", "{B922F505-787B-48DF-8458-647C3FF3E5F4}"
EndProject
Project("{8BC9CEB8-8B4A-11D0-8D11-00A0C91BC942}") = "NodeMapInfo_QuickSpin", "NodeMapInfo_QuickSpin\NodeMapInfo_QuickSpin_vs2019.vcxproj", "{AB5F6900-17CC-24FB-E0BF-BC584CEB4663}"
EndProject
Project("{8BC9CEB8-8B4A-11D0-8D11-00A0C91BC942}") = "Trigger_QuickSpin", "Trigger_QuickSpin\Trigger_QuickSpin_vs2019.vcxproj", "{CF2FC45E-3B46-C2F4-84BD-4D16F012937C}"
EndProject
Project("{8BC9CEB8-8B4A-11D0-8D11-00A0C91BC942}") = "ImageFormatControl_QuickSpin", "ImageFormatControl_QuickSpin\ImageFormatControl_QuickSpin_vs2019.vcxproj", "{A8971386-9452-0332-3D0A-7C7C29A44DC2}"
EndProject
Project("{8BC9CEB8-8B4A-11D0-8D11-00A0C91BC942}") = "StereoAcquisition", "StereoAcquisition\StereoAcquisition_vs2019.vcxproj", "{8D1A0E75-891C-4A08-BB55-260B99BFE41D}"
EndProject
Project("{8BC9CEB8-8B4A-11D0-8D11-00A0C91BC942}") = "StereoGPIO", "StereoGPIO\StereoGPIO_vs2019.vcxproj", "{8D1A0E75-891C-4A08-BB55-260B99BFE41E}"
EndProject
Project("{8BC9CEB8-8B4A-11D0-8D11-00A0C91BC942}") = "StereoAcquisition_QuickSpin", "StereoAcquisition_QuickSpin\StereoAcquisition_QuickSpin_vs2019.vcxproj", "{A20EB5C6-A23C-4A6D-8D85-4868B209E92F}"
EndProject
Global
	GlobalSection(SolutionConfigurationPlatforms) = preSolution
		Debug|Any CPU = Debug|Any CPU
		Debug|Win32 = Debug|Win32
		Debug|x64 = Debug|x64
		Release|Any CPU = Release|Any CPU
		Release|Win32 = Release|Win32
		Release|x64 = Release|x64
	EndGlobalSection
	GlobalSection(ProjectConfigurationPlatforms) = postSolution
		{2EBB9F63-9A70-1859-2365-12308F190F5D}.Debug|Any CPU.ActiveCfg = Debug|Win32
		{2EBB9F63-9A70-1859-2365-12308F190F5D}.Debug|Win32.ActiveCfg = Debug|Win32
		{2EBB9F63-9A70-1859-2365-12308F190F5D}.Debug|Win32.Build.0 = Debug|Win32
		{2EBB9F63-9A70-1859-2365-12308F190F5D}.Debug|x64.ActiveCfg = Debug|x64
		{2EBB9F63-9A70-1859-2365-12308F190F5D}.Debug|x64.Build.0 = Debug|x64
		{2EBB9F63-9A70-1859-2365-12308F190F5D}.Release|Any CPU.ActiveCfg = Release|Win32
		{2EBB9F63-9A70-1859-2365-12308F190F5D}.Release|Win32.ActiveCfg = Release|Win32
		{2EBB9F63-9A70-1859-2365-12308F190F5D}.Release|Win32.Build.0 = Release|Win32
		{2EBB9F63-9A70-1859-2365-12308F190F5D}.Release|x64.ActiveCfg = Release|x64
		{2EBB9F63-9A70-1859-2365-12308F190F5D}.Release|x64.Build.0 = Release|x64
		{8312F8CB-EFD4-2B56-3885-BAE2A4860434}.Debug|Any CPU.ActiveCfg = Debug|Win32
		{8312F8CB-EFD4-2B56-3885-BAE2A4860434}.Debug|Win32.ActiveCfg = Debug|Win32
		{8312F8CB-EFD4-2B56-3885-BAE2A4860434}.Debug|Win32.Build.0 = Debug|Win32
		{8312F8CB-EFD4-2B56-3885-BAE2A4860434}.Debug|x64.ActiveCfg = Debug|x64
		{8312F8CB-EFD4-2B56-3885-BAE2A4860434}.Debug|x64.Build.0 = Debug|x64
		{8312F8CB-EFD4-2B56-3885-BAE2A4860434}.Release|Any CPU.ActiveCfg = Release|Win32
		{8312F8CB-EFD4-2B56-3885-BAE2A4860434}.Release|Win32.ActiveCfg = Release|Win32
		{8312F8CB-EFD4-2B56-3885-BAE2A4860434}.Release|Win32.Build.0 = Release|Win32
		{8312F8CB-EFD4-2B56-3885-BAE2A4860434}.Release|x64.ActiveCfg = Release|x64
		{8312F8CB-EFD4-2B56-3885-BAE2A4860434}.Release|x64.Build.0 = Release|x64
		{B80A7C0A-DACE-4835-88C1-F5703B9608E7}.Debug|Any CPU.ActiveCfg = Debug|Win32
		{B80A7C0A-DACE-4835-88C1-F5703B9608E7}.Debug|Win32.ActiveCfg = Debug|Win32
		{B80A7C0A-DACE-4835-88C1-F5703B9608E7}.Debug|Win32.Build.0 = Debug|Win32
		{B80A7C0A-DACE-4835-88C1-F5703B9608E7}.Debug|x64.ActiveCfg = Debug|x64
		{B80A7C0A-DACE-4835-88C1-F5703B9608E7}.Debug|x64.Build.0 = Debug|x64
		{B80A7C0A-DACE-4835-88C1-F5703B9608E7}.Release|Any CPU.ActiveCfg = Release|Win32
		{B80A7C0A-DACE-4835-88C1-F5703B9608E7}.Release|Win32.ActiveCfg = Release|Win32
		{B80A7C0A-DACE-4835-88C1-F5703B9608E7}.Release|Win32.Build.0 = Release|Win32
		{B80A7C0A-DACE-4835-88C1-F5703B9608E7}.Release|x64.ActiveCfg = Release|x64
		{B80A7C0A-DACE-4835-88C1-F5703B9608E7}.Release|x64.Build.0 = Release|x64
		{E7C1D17B-F4A8-4FFA-89A3-E3517496978A}.Debug|Any CPU.ActiveCfg = Debug|Win32
		{E7C1D17B-F4A8-4FFA-89A3-E3517496978A}.Debug|Win32.ActiveCfg = Debug|Win32
		{E7C1D17B-F4A8-4FFA-89A3-E3517496978A}.Debug|Win32.Build.0 = Debug|Win32
		{E7C1D17B-F4A8-4FFA-89A3-E3517496978A}.Debug|x64.ActiveCfg = Debug|x64
		{E7C1D17B-F4A8-4FFA-89A3-E3517496978A}.Debug|x64.Build.0 = Debug|x64
		{E7C1D17B-F4A8-4FFA-89A3-E3517496978A}.Release|Any CPU.ActiveCfg = Release|Win32
		{E7C1D17B-F4A8-4FFA-89A3-E3517496978A}.Release|Win32.ActiveCfg = Release|Win32
		{E7C1D17B-F4A8-4FFA-89A3-E3517496978A}.Release|Win32.Build.0 = Release|Win32
		{E7C1D17B-F4A8-4FFA-89A3-E3517496978A}.Release|x64.ActiveCfg = Release|x64
		{E7C1D17B-F4A8-4FFA-89A3-E3517496978A}.Release|x64.Build.0 = Release|x64
		{722C21F4-DEEE-547E-279F-E30A93A02D5C}.Debug|Any CPU.ActiveCfg = Debug|Win32
		{722C21F4-DEEE-547E-279F-E30A93A02D5C}.Debug|Win32.ActiveCfg = Debug|Win32
		{722C21F4-DEEE-547E-279F-E30A93A02D5C}.Debug|Win32.Build.0 = Debug|Win32
		{722C21F4-DEEE-547E-279F-E30A93A02D5C}.Debug|x64.ActiveCfg = Debug|x64
		{722C21F4-DEEE-547E-279F-E30A93A02D5C}.Debug|x64.Build.0 = Debug|x64
		{722C21F4-DEEE-547E-279F-E30A93A02D5C}.Release|Any CPU.ActiveCfg = Release|Win32
		{722C21F4-DEEE-547E-279F-E30A93A02D5C}.Release|Win32.ActiveCfg = Release|Win32
		{722C21F4-DEEE-547E-279F-E30A93A02D5C}.Release|Win32.Build.0 = Release|Win32
		{722C21F4-DEEE-547E-279F-E30A93A02D5C}.Release|x64.ActiveCfg = Release|x64
		{722C21F4-DEEE-547E-279F-E30A93A02D5C}.Release|x64.Build.0 = Release|x64
		{958FEC15-0F27-4E04-8BA1-977CFF6407EC}.Debug|Any CPU.ActiveCfg = Debug|Win32
		{958FEC15-0F27-4E04-8BA1-977CFF6407EC}.Debug|Win32.ActiveCfg = Debug|Win32
		{958FEC15-0F27-4E04-8BA1-977CFF6407EC}.Debug|Win32.Build.0 = Debug|Win32
		{958FEC15-0F27-4E04-8BA1-977CFF6407EC}.Debug|x64.ActiveCfg = Debug|x64
		{958FEC15-0F27-4E04-8BA1-977CFF6407EC}.Debug|x64.Build.0 = Debug|x64
		{958FEC15-0F27-4E04-8BA1-977CFF6407EC}.Release|Any CPU.ActiveCfg = Release|Win32
		{958FEC15-0F27-4E04-8BA1-977CFF6407EC}.Release|Win32.ActiveCfg = Release|Win32
		{958FEC15-0F27-4E04-8BA1-977CFF6407EC}.Release|Win32.Build.0 = Release|Win32
		{958FEC15-0F27-4E04-8BA1-977CFF6407EC}.Release|x64.ActiveCfg = Release|x64
		{958FEC15-0F27-4E04-8BA1-977CFF6407EC}.Release|x64.Build.0 = Release|x64
		{580619A0-C470-CD16-0DAF-7EBC7958AB6B}.Debug|Any CPU.ActiveCfg = Debug|Win32
		{580619A0-C470-CD16-0DAF-7EBC7958AB6B}.Debug|Win32.ActiveCfg = Debug|Win32
		{580619A0-C470-CD16-0DAF-7EBC7958AB6B}.Debug|Win32.Build.0 = Debug|Win32
		{580619A0-C470-CD16-0DAF-7EBC7958AB6B}.Debug|x64.ActiveCfg = Debug|x64
		{580619A0-C470-CD16-0DAF-7EBC7958AB6B}.Debug|x64.Build.0 = Debug|x64
		{580619A0-C470-CD16-0DAF-7EBC7958AB6B}.Release|Any CPU.ActiveCfg = Release|Win32
		{580619A0-C470-CD16-0DAF-7EBC7958AB6B}.Release|Win32.ActiveCfg = Release|Win32
		{580619A0-C470-CD16-0DAF-7EBC7958AB6B}.Release|Win32.Build.0 = Release|Win32
		{580619A0-C470-CD16-0DAF-7EBC7958AB6B}.Release|x64.ActiveCfg = Release|x64
		{580619A0-C470-CD16-0DAF-7EBC7958AB6B}.Release|x64.Build.0 = Release|x64
		{47A7D202-D268-4219-A3BD-97F067045A27}.Debug|Any CPU.ActiveCfg = Debug|Win32
		{47A7D202-D268-4219-A3BD-97F067045A27}.Debug|Win32.ActiveCfg = Debug|Win32
		{47A7D202-D268-4219-A3BD-97F067045A27}.Debug|Win32.Build.0 = Debug|Win32
		{47A7D202-D268-4219-A3BD-97F067045A27}.Debug|x64.ActiveCfg = Debug|x64
		{47A7D202-D268-4219-A3BD-97F067045A27}.Debug|x64.Build.0 = Debug|x64
		{47A7D202-D268-4219-A3BD-97F067045A27}.Release|Any CPU.ActiveCfg = Release|Win32
		{47A7D202-D268-4219-A3BD-97F067045A27}.Release|Win32.ActiveCfg = Release|Win32
		{47A7D202-D268-4219-A3BD-97F067045A27}.Release|Win32.Build.0 = Release|Win32
		{47A7D202-D268-4219-A3BD-97F067045A27}.Release|x64.ActiveCfg = Release|x64
		{47A7D202-D268-4219-A3BD-97F067045A27}.Release|x64.Build.0 = Release|x64
		{D55E006C-F3FB-4832-A657-8255FB1260FD}.Debug|Any CPU.ActiveCfg = Debug|Win32
		{D55E006C-F3FB-4832-A657-8255FB1260FD}.Debug|Win32.ActiveCfg = Debug|Win32
		{D55E006C-F3FB-4832-A657-8255FB1260FD}.Debug|Win32.Build.0 = Debug|Win32
		{D55E006C-F3FB-4832-A657-8255FB1260FD}.Debug|x64.ActiveCfg = Debug|x64
		{D55E006C-F3FB-4832-A657-8255FB1260FD}.Debug|x64.Build.0 = Debug|x64
		{D55E006C-F3FB-4832-A657-8255FB1260FD}.Release|Any CPU.ActiveCfg = Release|Win32
		{D55E006C-F3FB-4832-A657-8255FB1260FD}.Release|Win32.ActiveCfg = Release|Win32
		{D55E006C-F3FB-4832-A657-8255FB1260FD}.Release|Win32.Build.0 = Release|Win32
		{D55E006C-F3FB-4832-A657-8255FB1260FD}.Release|x64.ActiveCfg = Release|x64
		{D55E006C-F3FB-4832-A657-8255FB1260FD}.Release|x64.Build.0 = Release|x64
		{2A237800-1686-07A5-BF0B-405BAB4DD327}.Debug|Any CPU.ActiveCfg = Debug|Win32
		{2A237800-1686-07A5-BF0B-405BAB4DD327}.Debug|Win32.ActiveCfg = Debug|Win32
		{2A237800-1686-07A5-BF0B-405BAB4DD327}.Debug|Win32.Build.0 = Debug|Win32
		{2A237800-1686-07A5-BF0B-405BAB4DD327}.Debug|x64.ActiveCfg = Debug|x64
		{2A237800-1686-07A5-BF0B-405BAB4DD327}.Debug|x64.Build.0 = Debug|x64
		{2A237800-1686-07A5-BF0B-405BAB4DD327}.Release|Any CPU.ActiveCfg = Release|Win32
		{2A237800-1686-07A5-BF0B-405BAB4DD327}.Release|Win32.ActiveCfg = Release|Win32
		{2A237800-1686-07A5-BF0B-405BAB4DD327}.Release|Win32.Build.0 = Release|Win32
		{2A237800-1686-07A5-BF0B-405BAB4DD327}.Release|x64.ActiveCfg = Release|x64
		{2A237800-1686-07A5-BF0B-405BAB4DD327}.Release|x64.Build.0 = Release|x64
		{EC099BDE-58BF-13D4-E1B3-0DAB4D680AD8}.Debug|Any CPU.ActiveCfg = Debug|Win32
		{EC099BDE-58BF-13D4-E1B3-0DAB4D680AD8}.Debug|Win32.ActiveCfg = Debug|Win32
		{EC099BDE-58BF-13D4-E1B3-0DAB4D680AD8}.Debug|Win32.Build.0 = Debug|Win32
		{EC099BDE-58BF-13D4-E1B3-0DAB4D680AD8}.Debug|x64.ActiveCfg = Debug|x64
		{EC099BDE-58BF-13D4-E1B3-0DAB4D680AD8}.Debug|x64.Build.0 = Debug|x64
		{EC099BDE-58BF-13D4-E1B3-0DAB4D680AD8}.Release|Any CPU.ActiveCfg = Release|Win32
		{EC099BDE-58BF-13D4-E1B3-0DAB4D680AD8}.Release|Win32.ActiveCfg = Release|Win32
		{EC099BDE-58BF-13D4-E1B3-0DAB4D680AD8}.Release|Win32.Build.0 = Release|Win32
		{EC099BDE-58BF-13D4-E1B3-0DAB4D680AD8}.Release|x64.ActiveCfg = Release|x64
		{EC099BDE-58BF-13D4-E1B3-0DAB4D680AD8}.Release|x64.Build.0 = Release|x64
		{614F3293-CD65-3029-16DD-BB4A823201B1}.Debug|Any CPU.ActiveCfg = Debug|Win32
		{614F3293-CD65-3029-16DD-BB4A823201B1}.Debug|Win32.ActiveCfg = Debug|Win32
		{614F3293-CD65-3029-16DD-BB4A823201B1}.Debug|Win32.Build.0 = Debug|Win32
		{614F3293-CD65-3029-16DD-BB4A823201B1}.Debug|x64.ActiveCfg = Debug|x64
		{614F3293-CD65-3029-16DD-BB4A823201B1}.Debug|x64.Build.0 = Debug|x64
		{614F3293-CD65-3029-16DD-BB4A823201B1}.Release|Any CPU.ActiveCfg = Release|Win32
		{614F3293-CD65-3029-16DD-BB4A823201B1}.Release|Win32.ActiveCfg = Release|Win32
		{614F3293-CD65-3029-16DD-BB4A823201B1}.Release|Win32.Build.0 = Release|Win32
		{614F3293-CD65-3029-16DD-BB4A823201B1}.Release|x64.ActiveCfg = Release|x64
		{614F3293-CD65-3029-16DD-BB4A823201B1}.Release|x64.Build.0 = Release|x64
		{7977FE57-E58D-FCED-2E05-880F9A5ACD75}.Debug|Any CPU.ActiveCfg = Debug|Win32
		{7977FE57-E58D-FCED-2E05-880F9A5ACD75}.Debug|Win32.ActiveCfg = Debug|Win32
		{7977FE57-E58D-FCED-2E05-880F9A5ACD75}.Debug|Win32.Build.0 = Debug|Win32
		{7977FE57-E58D-FCED-2E05-880F9A5ACD75}.Debug|x64.ActiveCfg = Debug|x64
		{7977FE57-E58D-FCED-2E05-880F9A5ACD75}.Debug|x64.Build.0 = Debug|x64
		{7977FE57-E58D-FCED-2E05-880F9A5ACD75}.Release|Any CPU.ActiveCfg = Release|Win32
		{7977FE57-E58D-FCED-2E05-880F9A5ACD75}.Release|Win32.ActiveCfg = Release|Win32
		{7977FE57-E58D-FCED-2E05-880F9A5ACD75}.Release|Win32.Build.0 = Release|Win32
		{7977FE57-E58D-FCED-2E05-880F9A5ACD75}.Release|x64.ActiveCfg = Release|x64
		{7977FE57-E58D-FCED-2E05-880F9A5ACD75}.Release|x64.Build.0 = Release|x64
		{E09B194C-CC68-7457-F581-62FFE1ADA9E5}.Debug|Any CPU.ActiveCfg = Debug|Win32
		{E09B194C-CC68-7457-F581-62FFE1ADA9E5}.Debug|Win32.ActiveCfg = Debug|Win32
		{E09B194C-CC68-7457-F581-62FFE1ADA9E5}.Debug|Win32.Build.0 = Debug|Win32
		{E09B194C-CC68-7457-F581-62FFE1ADA9E5}.Debug|x64.ActiveCfg = Debug|x64
		{E09B194C-CC68-7457-F581-62FFE1ADA9E5}.Debug|x64.Build.0 = Debug|x64
		{E09B194C-CC68-7457-F581-62FFE1ADA9E5}.Release|Any CPU.ActiveCfg = Release|Win32
		{E09B194C-CC68-7457-F581-62FFE1ADA9E5}.Release|Win32.ActiveCfg = Release|Win32
		{E09B194C-CC68-7457-F581-62FFE1ADA9E5}.Release|Win32.Build.0 = Release|Win32
		{E09B194C-CC68-7457-F581-62FFE1ADA9E5}.Release|x64.ActiveCfg = Release|x64
		{E09B194C-CC68-7457-F581-62FFE1ADA9E5}.Release|x64.Build.0 = Release|x64
		{4B205313-B78C-0E0E-8080-A66BECAB3076}.Debug|Any CPU.ActiveCfg = Debug|Win32
		{4B205313-B78C-0E0E-8080-A66BECAB3076}.Debug|Win32.ActiveCfg = Debug|Win32
		{4B205313-B78C-0E0E-8080-A66BECAB3076}.Debug|Win32.Build.0 = Debug|Win32
		{4B205313-B78C-0E0E-8080-A66BECAB3076}.Debug|x64.ActiveCfg = Debug|x64
		{4B205313-B78C-0E0E-8080-A66BECAB3076}.Debug|x64.Build.0 = Debug|x64
		{4B205313-B78C-0E0E-8080-A66BECAB3076}.Release|Any CPU.ActiveCfg = Release|Win32
		{4B205313-B78C-0E0E-8080-A66BECAB3076}.Release|Win32.ActiveCfg = Release|Win32
		{4B205313-B78C-0E0E-8080-A66BECAB3076}.Release|Win32.Build.0 = Release|Win32
		{4B205313-B78C-0E0E-8080-A66BECAB3076}.Release|x64.ActiveCfg = Release|x64
		{4B205313-B78C-0E0E-8080-A66BECAB3076}.Release|x64.Build.0 = Release|x64
		{FD363BE5-69EC-B3DA-F2E0-ADB15E95AADE}.Debug|Any CPU.ActiveCfg = Debug|Win32
		{FD363BE5-69EC-B3DA-F2E0-ADB15E95AADE}.Debug|Win32.ActiveCfg = Debug|Win32
		{FD363BE5-69EC-B3DA-F2E0-ADB15E95AADE}.Debug|Win32.Build.0 = Debug|Win32
		{FD363BE5-69EC-B3DA-F2E0-ADB15E95AADE}.Debug|x64.ActiveCfg = Debug|x64
		{FD363BE5-69EC-B3DA-F2E0-ADB15E95AADE}.Debug|x64.Build.0 = Debug|x64
		{FD363BE5-69EC-B3DA-F2E0-ADB15E95AADE}.Release|Any CPU.ActiveCfg = Release|Win32
		{FD363BE5-69EC-B3DA-F2E0-ADB15E95AADE}.Release|Win32.ActiveCfg = Release|Win32
		{FD363BE5-69EC-B3DA-F2E0-ADB15E95AADE}.Release|Win32.Build.0 = Release|Win32
		{FD363BE5-69EC-B3DA-F2E0-ADB15E95AADE}.Release|x64.ActiveCfg = Release|x64
		{FD363BE5-69EC-B3DA-F2E0-ADB15E95AADE}.Release|x64.Build.0 = Release|x64
		{9204ACE6-7EE8-6C3C-E748-678FD34B57BE}.Debug|Any CPU.ActiveCfg = Debug|Win32
		{9204ACE6-7EE8-6C3C-E748-678FD34B57BE}.Debug|Win32.ActiveCfg = Debug|Win32
		{9204ACE6-7EE8-6C3C-E748-678FD34B57BE}.Debug|Win32.Build.0 = Debug|Win32
		{9204ACE6-7EE8-6C3C-E748-678FD34B57BE}.Debug|x64.ActiveCfg = Debug|x64
		{9204ACE6-7EE8-6C3C-E748-678FD34B57BE}.Debug|x64.Build.0 = Debug|x64
		{9204ACE6-7EE8-6C3C-E748-678FD34B57BE}.Release|Any CPU.ActiveCfg = Release|Win32
		{9204ACE6-7EE8-6C3C-E748-678FD34B57BE}.Release|Win32.ActiveCfg = Release|Win32
		{9204ACE6-7EE8-6C3C-E748-678FD34B57BE}.Release|Win32.Build.0 = Release|Win32
		{9204ACE6-7EE8-6C3C-E748-678FD34B57BE}.Release|x64.ActiveCfg = Release|x64
		{9204ACE6-7EE8-6C3C-E748-678FD34B57BE}.Release|x64.Build.0 = Release|x64
		{24363B9E-2DEF-4899-9BD6-89D3569784E1}.Debug|Any CPU.ActiveCfg = Debug|Win32
		{24363B9E-2DEF-4899-9BD6-89D3569784E1}.Debug|Win32.ActiveCfg = Debug|Win32
		{24363B9E-2DEF-4899-9BD6-89D3569784E1}.Debug|Win32.Build.0 = Debug|Win32
		{24363B9E-2DEF-4899-9BD6-89D3569784E1}.Debug|x64.ActiveCfg = Debug|x64
		{24363B9E-2DEF-4899-9BD6-89D3569784E1}.Debug|x64.Build.0 = Debug|x64
		{24363B9E-2DEF-4899-9BD6-89D3569784E1}.Release|Any CPU.ActiveCfg = Release|Win32
		{24363B9E-2DEF-4899-9BD6-89D3569784E1}.Release|Win32.ActiveCfg = Release|Win32
		{24363B9E-2DEF-4899-9BD6-89D3569784E1}.Release|Win32.Build.0 = Release|Win32
		{24363B9E-2DEF-4899-9BD6-89D3569784E1}.Release|x64.ActiveCfg = Release|x64
		{24363B9E-2DEF-4899-9BD6-89D3569784E1}.Release|x64.Build.0 = Release|x64
		{AC6878E8-1848-F783-2160-825A8DBE5DE5}.Debug|Any CPU.ActiveCfg = Debug|Win32
		{AC6878E8-1848-F783-2160-825A8DBE5DE5}.Debug|Win32.ActiveCfg = Debug|Win32
		{AC6878E8-1848-F783-2160-825A8DBE5DE5}.Debug|Win32.Build.0 = Debug|Win32
		{AC6878E8-1848-F783-2160-825A8DBE5DE5}.Debug|x64.ActiveCfg = Debug|x64
		{AC6878E8-1848-F783-2160-825A8DBE5DE5}.Debug|x64.Build.0 = Debug|x64
		{AC6878E8-1848-F783-2160-825A8DBE5DE5}.Release|Any CPU.ActiveCfg = Release|Win32
		{AC6878E8-1848-F783-2160-825A8DBE5DE5}.Release|Win32.ActiveCfg = Release|Win32
		{AC6878E8-1848-F783-2160-825A8DBE5DE5}.Release|Win32.Build.0 = Release|Win32
		{AC6878E8-1848-F783-2160-825A8DBE5DE5}.Release|x64.ActiveCfg = Release|x64
		{AC6878E8-1848-F783-2160-825A8DBE5DE5}.Release|x64.Build.0 = Release|x64
		{A50BF0A4-81E0-4C38-85C1-60C3F5B668B4}.Debug|Any CPU.ActiveCfg = Debug|Win32
		{A50BF0A4-81E0-4C38-85C1-60C3F5B668B4}.Debug|Win32.ActiveCfg = Debug|Win32
		{A50BF0A4-81E0-4C38-85C1-60C3F5B668B4}.Debug|Win32.Build.0 = Debug|Win32
		{A50BF0A4-81E0-4C38-85C1-60C3F5B668B4}.Debug|x64.ActiveCfg = Debug|x64
		{A50BF0A4-81E0-4C38-85C1-60C3F5B668B4}.Debug|x64.Build.0 = Debug|x64
		{A50BF0A4-81E0-4C38-85C1-60C3F5B668B4}.Release|Any CPU.ActiveCfg = Release|Win32
		{A50BF0A4-81E0-4C38-85C1-60C3F5B668B4}.Release|Win32.ActiveCfg = Release|Win32
		{A50BF0A4-81E0-4C38-85C1-60C3F5B668B4}.Release|Win32.Build.0 = Release|Win32
		{A50BF0A4-81E0-4C38-85C1-60C3F5B668B4}.Release|x64.ActiveCfg = Release|x64
		{A50BF0A4-81E0-4C38-85C1-60C3F5B668B4}.Release|x64.Build.0 = Release|x64
		{E7F2C3BE-53A8-3CB4-DC9C-368B485133B8}.Debug|Any CPU.ActiveCfg = Debug|Win32
		{E7F2C3BE-53A8-3CB4-DC9C-368B485133B8}.Debug|Win32.ActiveCfg = Debug|Win32
		{E7F2C3BE-53A8-3CB4-DC9C-368B485133B8}.Debug|Win32.Build.0 = Debug|Win32
		{E7F2C3BE-53A8-3CB4-DC9C-368B485133B8}.Debug|x64.ActiveCfg = Debug|x64
		{E7F2C3BE-53A8-3CB4-DC9C-368B485133B8}.Debug|x64.Build.0 = Debug|x64
		{E7F2C3BE-53A8-3CB4-DC9C-368B485133B8}.Release|Any CPU.ActiveCfg = Release|Win32
		{E7F2C3BE-53A8-3CB4-DC9C-368B485133B8}.Release|Win32.ActiveCfg = Release|Win32
		{E7F2C3BE-53A8-3CB4-DC9C-368B485133B8}.Release|Win32.Build.0 = Release|Win32
		{E7F2C3BE-53A8-3CB4-DC9C-368B485133B8}.Release|x64.ActiveCfg = Release|x64
		{E7F2C3BE-53A8-3CB4-DC9C-368B485133B8}.Release|x64.Build.0 = Release|x64
		{76BD0CFA-E248-7ABE-EB59-FDB25764D6BE}.Debug|Any CPU.ActiveCfg = Debug|Win32
		{76BD0CFA-E248-7ABE-EB59-FDB25764D6BE}.Debug|Win32.ActiveCfg = Debug|Win32
		{76BD0CFA-E248-7ABE-EB59-FDB25764D6BE}.Debug|Win32.Build.0 = Debug|Win32
		{76BD0CFA-E248-7ABE-EB59-FDB25764D6BE}.Debug|x64.ActiveCfg = Debug|x64
		{76BD0CFA-E248-7ABE-EB59-FDB25764D6BE}.Debug|x64.Build.0 = Debug|x64
		{76BD0CFA-E248-7ABE-EB59-FDB25764D6BE}.Release|Any CPU.ActiveCfg = Release|Win32
		{76BD0CFA-E248-7ABE-EB59-FDB25764D6BE}.Release|Win32.ActiveCfg = Release|Win32
		{76BD0CFA-E248-7ABE-EB59-FDB25764D6BE}.Release|Win32.Build.0 = Release|Win32
		{76BD0CFA-E248-7ABE-EB59-FDB25764D6BE}.Release|x64.ActiveCfg = Release|x64
		{76BD0CFA-E248-7ABE-EB59-FDB25764D6BE}.Release|x64.Build.0 = Release|x64
		{D55C7016-4112-E90B-CA06-E3E236BBDF0F}.Debug|Any CPU.ActiveCfg = Debug|Win32
		{D55C7016-4112-E90B-CA06-E3E236BBDF0F}.Debug|Win32.ActiveCfg = Debug|Win32
		{D55C7016-4112-E90B-CA06-E3E236BBDF0F}.Debug|Win32.Build.0 = Debug|Win32
		{D55C7016-4112-E90B-CA06-E3E236BBDF0F}.Debug|x64.ActiveCfg = Debug|x64
		{D55C7016-4112-E90B-CA06-E3E236BBDF0F}.Debug|x64.Build.0 = Debug|x64
		{D55C7016-4112-E90B-CA06-E3E236BBDF0F}.Release|Any CPU.ActiveCfg = Release|Win32
		{D55C7016-4112-E90B-CA06-E3E236BBDF0F}.Release|Win32.ActiveCfg = Release|Win32
		{D55C7016-4112-E90B-CA06-E3E236BBDF0F}.Release|Win32.Build.0 = Release|Win32
		{D55C7016-4112-E90B-CA06-E3E236BBDF0F}.Release|x64.ActiveCfg = Release|x64
		{D55C7016-4112-E90B-CA06-E3E236BBDF0F}.Release|x64.Build.0 = Release|x64
		{4A2198F1-1828-49A9-9E4F-DBC43D9CDB9B}.Debug|Any CPU.ActiveCfg = Debug|Win32
		{4A2198F1-1828-49A9-9E4F-DBC43D9CDB9B}.Debug|Win32.ActiveCfg = Debug|Win32
		{4A2198F1-1828-49A9-9E4F-DBC43D9CDB9B}.Debug|Win32.Build.0 = Debug|Win32
		{4A2198F1-1828-49A9-9E4F-DBC43D9CDB9B}.Debug|x64.ActiveCfg = Debug|x64
		{4A2198F1-1828-49A9-9E4F-DBC43D9CDB9B}.Debug|x64.Build.0 = Debug|x64
		{4A2198F1-1828-49A9-9E4F-DBC43D9CDB9B}.Release|Any CPU.ActiveCfg = Release|Win32
		{4A2198F1-1828-49A9-9E4F-DBC43D9CDB9B}.Release|Win32.ActiveCfg = Release|Win32
		{4A2198F1-1828-49A9-9E4F-DBC43D9CDB9B}.Release|Win32.Build.0 = Release|Win32
		{4A2198F1-1828-49A9-9E4F-DBC43D9CDB9B}.Release|x64.ActiveCfg = Release|x64
		{4A2198F1-1828-49A9-9E4F-DBC43D9CDB9B}.Release|x64.Build.0 = Release|x64
		{37EC85A8-A356-3A1F-EC94-EBC4583E1874}.Debug|Any CPU.ActiveCfg = Debug|Win32
		{37EC85A8-A356-3A1F-EC94-EBC4583E1874}.Debug|Win32.ActiveCfg = Debug|Win32
		{37EC85A8-A356-3A1F-EC94-EBC4583E1874}.Debug|Win32.Build.0 = Debug|Win32
		{37EC85A8-A356-3A1F-EC94-EBC4583E1874}.Debug|x64.ActiveCfg = Debug|x64
		{37EC85A8-A356-3A1F-EC94-EBC4583E1874}.Debug|x64.Build.0 = Debug|x64
		{37EC85A8-A356-3A1F-EC94-EBC4583E1874}.Release|Any CPU.ActiveCfg = Release|Win32
		{37EC85A8-A356-3A1F-EC94-EBC4583E1874}.Release|Win32.ActiveCfg = Release|Win32
		{37EC85A8-A356-3A1F-EC94-EBC4583E1874}.Release|Win32.Build.0 = Release|Win32
		{37EC85A8-A356-3A1F-EC94-EBC4583E1874}.Release|x64.ActiveCfg = Release|x64
		{37EC85A8-A356-3A1F-EC94-EBC4583E1874}.Release|x64.Build.0 = Release|x64
		{B03C30FF-1CA7-E475-65E5-951BD18EC2CA}.Debug|Any CPU.ActiveCfg = Debug|Win32
		{B03C30FF-1CA7-E475-65E5-951BD18EC2CA}.Debug|Win32.ActiveCfg = Debug|Win32
		{B03C30FF-1CA7-E475-65E5-951BD18EC2CA}.Debug|Win32.Build.0 = Debug|Win32
		{B03C30FF-1CA7-E475-65E5-951BD18EC2CA}.Debug|x64.ActiveCfg = Debug|x64
		{B03C30FF-1CA7-E475-65E5-951BD18EC2CA}.Debug|x64.Build.0 = Debug|x64
		{B03C30FF-1CA7-E475-65E5-951BD18EC2CA}.Release|Any CPU.ActiveCfg = Release|Win32
		{B03C30FF-1CA7-E475-65E5-951BD18EC2CA}.Release|Win32.ActiveCfg = Release|Win32
		{B03C30FF-1CA7-E475-65E5-951BD18EC2CA}.Release|Win32.Build.0 = Release|Win32
		{B03C30FF-1CA7-E475-65E5-951BD18EC2CA}.Release|x64.ActiveCfg = Release|x64
		{B03C30FF-1CA7-E475-65E5-951BD18EC2CA}.Release|x64.Build.0 = Release|x64
		{64290094-BCA8-42C0-B398-D3EEC8BD7B8F}.Debug|Any CPU.ActiveCfg = Debug|Win32
		{64290094-BCA8-42C0-B398-D3EEC8BD7B8F}.Debug|Win32.ActiveCfg = Debug|Win32
		{64290094-BCA8-42C0-B398-D3EEC8BD7B8F}.Debug|Win32.Build.0 = Debug|Win32
		{64290094-BCA8-42C0-B398-D3EEC8BD7B8F}.Debug|x64.ActiveCfg = Debug|x64
		{64290094-BCA8-42C0-B398-D3EEC8BD7B8F}.Debug|x64.Build.0 = Debug|x64
		{64290094-BCA8-42C0-B398-D3EEC8BD7B8F}.Release|Any CPU.ActiveCfg = Release|Win32
		{64290094-BCA8-42C0-B398-D3EEC8BD7B8F}.Release|Win32.ActiveCfg = Release|Win32
		{64290094-BCA8-42C0-B398-D3EEC8BD7B8F}.Release|Win32.Build.0 = Release|Win32
		{64290094-BCA8-42C0-B398-D3EEC8BD7B8F}.Release|x64.ActiveCfg = Release|x64
		{64290094-BCA8-42C0-B398-D3EEC8BD7B8F}.Release|x64.Build.0 = Release|x64
		{A96CAF68-9591-FEE8-BEDC-E378AA60FD06}.Debug|Any CPU.ActiveCfg = Debug|Win32
		{A96CAF68-9591-FEE8-BEDC-E378AA60FD06}.Debug|Win32.ActiveCfg = Debug|Win32
		{A96CAF68-9591-FEE8-BEDC-E378AA60FD06}.Debug|Win32.Build.0 = Debug|Win32
		{A96CAF68-9591-FEE8-BEDC-E378AA60FD06}.Debug|x64.ActiveCfg = Debug|x64
		{A96CAF68-9591-FEE8-BEDC-E378AA60FD06}.Debug|x64.Build.0 = Debug|x64
		{A96CAF68-9591-FEE8-BEDC-E378AA60FD06}.Release|Any CPU.ActiveCfg = Release|Win32
		{A96CAF68-9591-FEE8-BEDC-E378AA60FD06}.Release|Win32.ActiveCfg = Release|Win32
		{A96CAF68-9591-FEE8-BEDC-E378AA60FD06}.Release|Win32.Build.0 = Release|Win32
		{A96CAF68-9591-FEE8-BEDC-E378AA60FD06}.Release|x64.ActiveCfg = Release|x64
		{A96CAF68-9591-FEE8-BEDC-E378AA60FD06}.Release|x64.Build.0 = Release|x64
		{437243B5-AF88-414B-F8FF-CC6C645512D3}.Debug|Any CPU.ActiveCfg = Debug|Win32
		{437243B5-AF88-414B-F8FF-CC6C645512D3}.Debug|Win32.ActiveCfg = Debug|Win32
		{437243B5-AF88-414B-F8FF-CC6C645512D3}.Debug|Win32.Build.0 = Debug|Win32
		{437243B5-AF88-414B-F8FF-CC6C645512D3}.Debug|x64.ActiveCfg = Debug|x64
		{437243B5-AF88-414B-F8FF-CC6C645512D3}.Debug|x64.Build.0 = Debug|x64
		{437243B5-AF88-414B-F8FF-CC6C645512D3}.Release|Any CPU.ActiveCfg = Release|Win32
		{437243B5-AF88-414B-F8FF-CC6C645512D3}.Release|Win32.ActiveCfg = Release|Win32
		{437243B5-AF88-414B-F8FF-CC6C645512D3}.Release|Win32.Build.0 = Release|Win32
		{437243B5-AF88-414B-F8FF-CC6C645512D3}.Release|x64.ActiveCfg = Release|x64
		{437243B5-AF88-414B-F8FF-CC6C645512D3}.Release|x64.Build.0 = Release|x64
		{F9EF6D57-65CF-ECF2-6EE7-77C9DA455354}.Debug|Any CPU.ActiveCfg = Debug|Win32
		{F9EF6D57-65CF-ECF2-6EE7-77C9DA455354}.Debug|Win32.ActiveCfg = Debug|Win32
		{F9EF6D57-65CF-ECF2-6EE7-77C9DA455354}.Debug|Win32.Build.0 = Debug|Win32
		{F9EF6D57-65CF-ECF2-6EE7-77C9DA455354}.Debug|x64.ActiveCfg = Debug|x64
		{F9EF6D57-65CF-ECF2-6EE7-77C9DA455354}.Debug|x64.Build.0 = Debug|x64
		{F9EF6D57-65CF-ECF2-6EE7-77C9DA455354}.Release|Any CPU.ActiveCfg = Release|Win32
		{F9EF6D57-65CF-ECF2-6EE7-77C9DA455354}.Release|Win32.ActiveCfg = Release|Win32
		{F9EF6D57-65CF-ECF2-6EE7-77C9DA455354}.Release|Win32.Build.0 = Release|Win32
		{F9EF6D57-65CF-ECF2-6EE7-77C9DA455354}.Release|x64.ActiveCfg = Release|x64
		{F9EF6D57-65CF-ECF2-6EE7-77C9DA455354}.Release|x64.Build.0 = Release|x64
		{8295E426-EE01-A021-B7F5-377F2321C289}.Debug|Any CPU.ActiveCfg = Debug|Win32
		{8295E426-EE01-A021-B7F5-377F2321C289}.Debug|Win32.ActiveCfg = Debug|Win32
		{8295E426-EE01-A021-B7F5-377F2321C289}.Debug|Win32.Build.0 = Debug|Win32
		{8295E426-EE01-A021-B7F5-377F2321C289}.Debug|x64.ActiveCfg = Debug|x64
		{8295E426-EE01-A021-B7F5-377F2321C289}.Debug|x64.Build.0 = Debug|x64
		{8295E426-EE01-A021-B7F5-377F2321C289}.Release|Any CPU.ActiveCfg = Release|Win32
		{8295E426-EE01-A021-B7F5-377F2321C289}.Release|Win32.ActiveCfg = Release|Win32
		{8295E426-EE01-A021-B7F5-377F2321C289}.Release|Win32.Build.0 = Release|Win32
		{8295E426-EE01-A021-B7F5-377F2321C289}.Release|x64.ActiveCfg = Release|x64
		{8295E426-EE01-A021-B7F5-377F2321C289}.Release|x64.Build.0 = Release|x64
		{7628E9A8-620C-AAFE-CB6C-A451B76F9480}.Debug|Any CPU.ActiveCfg = Debug|Win32
		{7628E9A8-620C-AAFE-CB6C-A451B76F9480}.Debug|Win32.ActiveCfg = Debug|Win32
		{7628E9A8-620C-AAFE-CB6C-A451B76F9480}.Debug|Win32.Build.0 = Debug|Win32
		{7628E9A8-620C-AAFE-CB6C-A451B76F9480}.Debug|x64.ActiveCfg = Debug|x64
		{7628E9A8-620C-AAFE-CB6C-A451B76F9480}.Debug|x64.Build.0 = Debug|x64
		{7628E9A8-620C-AAFE-CB6C-A451B76F9480}.Release|Any CPU.ActiveCfg = Release|Win32
		{7628E9A8-620C-AAFE-CB6C-A451B76F9480}.Release|Win32.ActiveCfg = Release|Win32
		{7628E9A8-620C-AAFE-CB6C-A451B76F9480}.Release|Win32.Build.0 = Release|Win32
		{7628E9A8-620C-AAFE-CB6C-A451B76F9480}.Release|x64.ActiveCfg = Release|x64
		{7628E9A8-620C-AAFE-CB6C-A451B76F9480}.Release|x64.Build.0 = Release|x64
		{B922F505-787B-48DF-8458-647C3FF3E5F4}.Debug|Any CPU.ActiveCfg = Debug|Win32
		{B922F505-787B-48DF-8458-647C3FF3E5F4}.Debug|Win32.ActiveCfg = Debug|Win32
		{B922F505-787B-48DF-8458-647C3FF3E5F4}.Debug|Win32.Build.0 = Debug|Win32
		{B922F505-787B-48DF-8458-647C3FF3E5F4}.Debug|x64.ActiveCfg = Debug|x64
		{B922F505-787B-48DF-8458-647C3FF3E5F4}.Debug|x64.Build.0 = Debug|x64
		{B922F505-787B-48DF-8458-647C3FF3E5F4}.Release|Any CPU.ActiveCfg = Release|Win32
		{B922F505-787B-48DF-8458-647C3FF3E5F4}.Release|Win32.ActiveCfg = Release|Win32
		{B922F505-787B-48DF-8458-647C3FF3E5F4}.Release|Win32.Build.0 = Release|Win32
		{B922F505-787B-48DF-8458-647C3FF3E5F4}.Release|x64.ActiveCfg = Release|x64
		{B922F505-787B-48DF-8458-647C3FF3E5F4}.Release|x64.Build.0 = Release|x64
		{AB5F6900-17CC-24FB-E0BF-BC584CEB4663}.Debug|Any CPU.ActiveCfg = Debug|Win32
		{AB5F6900-17CC-24FB-E0BF-BC584CEB4663}.Debug|Win32.ActiveCfg = Debug|Win32
		{AB5F6900-17CC-24FB-E0BF-BC584CEB4663}.Debug|Win32.Build.0 = Debug|Win32
		{AB5F6900-17CC-24FB-E0BF-BC584CEB4663}.Debug|x64.ActiveCfg = Debug|x64
		{AB5F6900-17CC-24FB-E0BF-BC584CEB4663}.Debug|x64.Build.0 = Debug|x64
		{AB5F6900-17CC-24FB-E0BF-BC584CEB4663}.Release|Any CPU.ActiveCfg = Release|Win32
		{AB5F6900-17CC-24FB-E0BF-BC584CEB4663}.Release|Win32.ActiveCfg = Release|Win32
		{AB5F6900-17CC-24FB-E0BF-BC584CEB4663}.Release|Win32.Build.0 = Release|Win32
		{AB5F6900-17CC-24FB-E0BF-BC584CEB4663}.Release|x64.ActiveCfg = Release|x64
		{AB5F6900-17CC-24FB-E0BF-BC584CEB4663}.Release|x64.Build.0 = Release|x64
		{CF2FC45E-3B46-C2F4-84BD-4D16F012937C}.Debug|Any CPU.ActiveCfg = Debug|Win32
		{CF2FC45E-3B46-C2F4-84BD-4D16F012937C}.Debug|Win32.ActiveCfg = Debug|Win32
		{CF2FC45E-3B46-C2F4-84BD-4D16F012937C}.Debug|Win32.Build.0 = Debug|Win32
		{CF2FC45E-3B46-C2F4-84BD-4D16F012937C}.Debug|x64.ActiveCfg = Debug|x64
		{CF2FC45E-3B46-C2F4-84BD-4D16F012937C}.Debug|x64.Build.0 = Debug|x64
		{CF2FC45E-3B46-C2F4-84BD-4D16F012937C}.Release|Any CPU.ActiveCfg = Release|Win32
		{CF2FC45E-3B46-C2F4-84BD-4D16F012937C}.Release|Win32.ActiveCfg = Release|Win32
		{CF2FC45E-3B46-C2F4-84BD-4D16F012937C}.Release|Win32.Build.0 = Release|Win32
		{CF2FC45E-3B46-C2F4-84BD-4D16F012937C}.Release|x64.ActiveCfg = Release|x64
		{CF2FC45E-3B46-C2F4-84BD-4D16F012937C}.Release|x64.Build.0 = Release|x64
		{A8971386-9452-0332-3D0A-7C7C29A44DC2}.Debug|Any CPU.ActiveCfg = Debug|Win32
		{A8971386-9452-0332-3D0A-7C7C29A44DC2}.Debug|Win32.ActiveCfg = Debug|Win32
		{A8971386-9452-0332-3D0A-7C7C29A44DC2}.Debug|Win32.Build.0 = Debug|Win32
		{A8971386-9452-0332-3D0A-7C7C29A44DC2}.Debug|x64.ActiveCfg = Debug|x64
		{A8971386-9452-0332-3D0A-7C7C29A44DC2}.Debug|x64.Build.0 = Debug|x64
		{A8971386-9452-0332-3D0A-7C7C29A44DC2}.Release|Any CPU.ActiveCfg = Release|Win32
		{A8971386-9452-0332-3D0A-7C7C29A44DC2}.Release|Win32.ActiveCfg = Release|Win32
		{A8971386-9452-0332-3D0A-7C7C29A44DC2}.Release|Win32.Build.0 = Release|Win32
		{A8971386-9452-0332-3D0A-7C7C29A44DC2}.Release|x64.ActiveCfg = Release|x64
		{A8971386-9452-0332-3D0A-7C7C29A44DC2}.Release|x64.Build.0 = Release|x64
		{8D1A0E75-891C-4A08-BB55-260B99BFE41D}.Debug|Any CPU.ActiveCfg = Debug|x64
		{8D1A0E75-891C-4A08-BB55-260B99BFE41D}.Debug|Any CPU.Build.0 = Debug|x64
		{8D1A0E75-891C-4A08-BB55-260B99BFE41D}.Debug|Win32.ActiveCfg = Debug|x64
		{8D1A0E75-891C-4A08-BB55-260B99BFE41D}.Debug|Win32.Build.0 = Debug|x64
		{8D1A0E75-891C-4A08-BB55-260B99BFE41D}.Debug|x64.ActiveCfg = Debug|x64
		{8D1A0E75-891C-4A08-BB55-260B99BFE41D}.Debug|x64.Build.0 = Debug|x64
		{8D1A0E75-891C-4A08-BB55-260B99BFE41D}.Release|Any CPU.ActiveCfg = Release|x64
		{8D1A0E75-891C-4A08-BB55-260B99BFE41D}.Release|Any CPU.Build.0 = Release|x64
		{8D1A0E75-891C-4A08-BB55-260B99BFE41D}.Release|Win32.ActiveCfg = Release|x64
		{8D1A0E75-891C-4A08-BB55-260B99BFE41D}.Release|Win32.Build.0 = Release|x64
		{8D1A0E75-891C-4A08-BB55-260B99BFE41D}.Release|x64.ActiveCfg = Release|x64
		{8D1A0E75-891C-4A08-BB55-260B99BFE41D}.Release|x64.Build.0 = Release|x64
		{8D1A0E75-891C-4A08-BB55-260B99BFE41E}.Debug|Any CPU.ActiveCfg = Debug|x64
		{8D1A0E75-891C-4A08-BB55-260B99BFE41E}.Debug|Any CPU.Build.0 = Debug|x64
		{8D1A0E75-891C-4A08-BB55-260B99BFE41E}.Debug|Win32.ActiveCfg = Debug|x64
		{8D1A0E75-891C-4A08-BB55-260B99BFE41E}.Debug|Win32.Build.0 = Debug|x64
		{8D1A0E75-891C-4A08-BB55-260B99BFE41E}.Debug|x64.ActiveCfg = Debug|x64
		{8D1A0E75-891C-4A08-BB55-260B99BFE41E}.Debug|x64.Build.0 = Debug|x64
		{8D1A0E75-891C-4A08-BB55-260B99BFE41E}.Release|Any CPU.ActiveCfg = Release|x64
		{8D1A0E75-891C-4A08-BB55-260B99BFE41E}.Release|Any CPU.Build.0 = Release|x64
		{8D1A0E75-891C-4A08-BB55-260B99BFE41E}.Release|Win32.ActiveCfg = Release|x64
		{8D1A0E75-891C-4A08-BB55-260B99BFE41E}.Release|Win32.Build.0 = Release|x64
		{8D1A0E75-891C-4A08-BB55-260B99BFE41E}.Release|x64.ActiveCfg = Release|x64
		{8D1A0E75-891C-4A08-BB55-260B99BFE41E}.Release|x64.Build.0 = Release|x64
		{A20EB5C6-A23C-4A6D-8D85-4868B209E92F}.Debug|Any CPU.ActiveCfg = Debug|x64
		{A20EB5C6-A23C-4A6D-8D85-4868B209E92F}.Debug|Any CPU.Build.0 = Debug|x64
		{A20EB5C6-A23C-4A6D-8D85-4868B209E92F}.Debug|Win32.ActiveCfg = Debug|x64
		{A20EB5C6-A23C-4A6D-8D85-4868B209E92F}.Debug|Win32.Build.0 = Debug|x64
		{A20EB5C6-A23C-4A6D-8D85-4868B209E92F}.Debug|x64.ActiveCfg = Debug|x64
		{A20EB5C6-A23C-4A6D-8D85-4868B209E92F}.Debug|x64.Build.0 = Debug|x64
		{A20EB5C6-A23C-4A6D-8D85-4868B209E92F}.Release|Any CPU.ActiveCfg = Release|x64
		{A20EB5C6-A23C-4A6D-8D85-4868B209E92F}.Release|Any CPU.Build.0 = Release|x64
		{A20EB5C6-A23C-4A6D-8D85-4868B209E92F}.Release|Win32.ActiveCfg = Release|x64
		{A20EB5C6-A23C-4A6D-8D85-4868B209E92F}.Release|Win32.Build.0 = Release|x64
		{A20EB5C6-A23C-4A6D-8D85-4868B209E92F}.Release|x64.ActiveCfg = Release|x64
		{A20EB5C6-A23C-4A6D-8D85-4868B209E92F}.Release|x64.Build.0 = Release|x64
	EndGlobalSection
	GlobalSection(SolutionProperties) = preSolution
		HideSolutionNode = FALSE
	EndGlobalSection
	GlobalSection(NestedProjects) = preSolution
		{6BC0404A-D751-401B-8863-0D1882458101} = {9004E0DE-D928-4CD1-B114-D9BB2B267956}
		{2EBB9F63-9A70-1859-2365-12308F190F5D} = {E8542280-778A-4714-8BA0-E600A5FD19E1}
		{8312F8CB-EFD4-2B56-3885-BAE2A4860434} = {E8542280-778A-4714-8BA0-E600A5FD19E1}
		{B80A7C0A-DACE-4835-88C1-F5703B9608E7} = {E8542280-778A-4714-8BA0-E600A5FD19E1}
		{E7C1D17B-F4A8-4FFA-89A3-E3517496978A} = {E8542280-778A-4714-8BA0-E600A5FD19E1}
		{722C21F4-DEEE-547E-279F-E30A93A02D5C} = {E8542280-778A-4714-8BA0-E600A5FD19E1}
		{958FEC15-0F27-4E04-8BA1-977CFF6407EC} = {E8542280-778A-4714-8BA0-E600A5FD19E1}
		{580619A0-C470-CD16-0DAF-7EBC7958AB6B} = {E8542280-778A-4714-8BA0-E600A5FD19E1}
		{47A7D202-D268-4219-A3BD-97F067045A27} = {E8542280-778A-4714-8BA0-E600A5FD19E1}
		{D55E006C-F3FB-4832-A657-8255FB1260FD} = {E8542280-778A-4714-8BA0-E600A5FD19E1}
		{2A237800-1686-07A5-BF0B-405BAB4DD327} = {E8542280-778A-4714-8BA0-E600A5FD19E1}
		{EC099BDE-58BF-13D4-E1B3-0DAB4D680AD8} = {E8542280-778A-4714-8BA0-E600A5FD19E1}
		{614F3293-CD65-3029-16DD-BB4A823201B1} = {E8542280-778A-4714-8BA0-E600A5FD19E1}
		{7977FE57-E58D-FCED-2E05-880F9A5ACD75} = {E8542280-778A-4714-8BA0-E600A5FD19E1}
		{E09B194C-CC68-7457-F581-62FFE1ADA9E5} = {E8542280-778A-4714-8BA0-E600A5FD19E1}
		{4B205313-B78C-0E0E-8080-A66BECAB3076} = {E8542280-778A-4714-8BA0-E600A5FD19E1}
		{FD363BE5-69EC-B3DA-F2E0-ADB15E95AADE} = {E8542280-778A-4714-8BA0-E600A5FD19E1}
		{9204ACE6-7EE8-6C3C-E748-678FD34B57BE} = {E8542280-778A-4714-8BA0-E600A5FD19E1}
		{24363B9E-2DEF-4899-9BD6-89D3569784E1} = {E8542280-778A-4714-8BA0-E600A5FD19E1}
		{AC6878E8-1848-F783-2160-825A8DBE5DE5} = {E8542280-778A-4714-8BA0-E600A5FD19E1}
		{A50BF0A4-81E0-4C38-85C1-60C3F5B668B4} = {E8542280-778A-4714-8BA0-E600A5FD19E1}
		{E7F2C3BE-53A8-3CB4-DC9C-368B485133B8} = {E8542280-778A-4714-8BA0-E600A5FD19E1}
		{76BD0CFA-E248-7ABE-EB59-FDB25764D6BE} = {E8542280-778A-4714-8BA0-E600A5FD19E1}
		{D55C7016-4112-E90B-CA06-E3E236BBDF0F} = {E8542280-778A-4714-8BA0-E600A5FD19E1}
		{4A2198F1-1828-49A9-9E4F-DBC43D9CDB9B} = {E8542280-778A-4714-8BA0-E600A5FD19E1}
		{37EC85A8-A356-3A1F-EC94-EBC4583E1874} = {E8542280-778A-4714-8BA0-E600A5FD19E1}
		{B03C30FF-1CA7-E475-65E5-951BD18EC2CA} = {E8542280-778A-4714-8BA0-E600A5FD19E1}
		{64290094-BCA8-42C0-B398-D3EEC8BD7B8F} = {E8542280-778A-4714-8BA0-E600A5FD19E1}
		{A96CAF68-9591-FEE8-BEDC-E378AA60FD06} = {E8542280-778A-4714-8BA0-E600A5FD19E1}
		{437243B5-AF88-414B-F8FF-CC6C645512D3} = {E8542280-778A-4714-8BA0-E600A5FD19E1}
		{F9EF6D57-65CF-ECF2-6EE7-77C9DA455354} = {E8542280-778A-4714-8BA0-E600A5FD19E1}
		{8295E426-EE01-A021-B7F5-377F2321C289} = {6BC0404A-D751-401B-8863-0D1882458101}
		{7628E9A8-620C-AAFE-CB6C-A451B76F9480} = {6BC0404A-D751-401B-8863-0D1882458101}
		{B922F505-787B-48DF-8458-647C3FF3E5F4} = {6BC0404A-D751-401B-8863-0D1882458101}
		{AB5F6900-17CC-24FB-E0BF-BC584CEB4663} = {6BC0404A-D751-401B-8863-0D1882458101}
		{CF2FC45E-3B46-C2F4-84BD-4D16F012937C} = {6BC0404A-D751-401B-8863-0D1882458101}
		{A8971386-9452-0332-3D0A-7C7C29A44DC2} = {6BC0404A-D751-401B-8863-0D1882458101}
		{8D1A0E75-891C-4A08-BB55-260B99BFE41D} = {E8542280-778A-4714-8BA0-E600A5FD19E1}
		{8D1A0E75-891C-4A08-BB55-260B99BFE41E} = {E8542280-778A-4714-8BA0-E600A5FD19E1}
		{A20EB5C6-A23C-4A6D-8D85-4868B209E92F} = {6BC0404A-D751-401B-8863-0D1882458101}
	EndGlobalSection
	GlobalSection(ExtensibilityGlobals) = postSolution
		SolutionGuid = {2DF9CD35-5AB0-47FF-ADBB-C7DFF5723974}
	EndGlobalSection
EndGlobal
